// !$*UTF8*$!
{
	archiveVersion = 1;
	classes = {
	};
	objectVersion = 56;
	objects = {

/* Begin PBXBuildFile section */
	0B68BECE3F04183454E65D6D /* 0B68BECE3F04183454E65D6D */ = {
		isa = PBXBuildFile;
		fileRef = 1B365D303EAC1EE8F810E853;
	};
	0E0009E1917D6448F609648C /* 0E0009E1917D6448F609648C */ = {
		isa = PBXBuildFile;
		fileRef = FC8F976B27828057A607616A;
	};
	115B97F3BA2B8AE4E280E771 /* 115B97F3BA2B8AE4E280E771 */ = {
		isa = PBXBuildFile;
		fileRef = 1C4455D0B4CE1B5F5681A2FE;
	};
	1AF07C1E096B63D68139A2B5 /* 1AF07C1E096B63D68139A2B5 */ = {
		isa = PBXBuildFile;
		fileRef = 0089DAE711574808D00ABD0B;
	};
	2020927CA05A06C999931B56 /* 2020927CA05A06C999931B56 */ = {
		isa = PBXBuildFile;
		fileRef = 90B6343DFAE6C2A9AECF231C;
	};
	2422F783D185FC935A880678 /* 2422F783D185FC935A880678 */ = {
		isa = PBXBuildFile;
		fileRef = F86D4AC4F12BECB5A60374D9;
	};
	25A10FE62B29AD4A68CDD057 /* 25A10FE62B29AD4A68CDD057 */ = {
		isa = PBXBuildFile;
		fileRef = 4DB6B5CBAB9D12D12D1702D7;
	};
	2881629D9FD740DD04775A52 /* 2881629D9FD740DD04775A52 */ = {
		isa = PBXBuildFile;
		fileRef = 43E95637FFF6820D2C78A1BE;
	};
	2B06CE90451E121FCC65E18A /* 2B06CE90451E121FCC65E18A */ = {
		isa = PBXBuildFile;
		fileRef = 381D3A35ABE82AE0AE3F42B3;
	};
	30777437B37859FB155C273A /* 30777437B37859FB155C273A */ = {
		isa = PBXBuildFile;
		fileRef = 06E33A55C4FF7FD14C728811;
	};
	3C45097EB9D7EA5FFC202E91 /* 3C45097EB9D7EA5FFC202E91 */ = {
		isa = PBXBuildFile;
		fileRef = 0C25FC9BBBD612C35A333C8F;
	};
	3D4A21BD659FC7020FF7156B /* 3D4A21BD659FC7020FF7156B */ = {
		isa = PBXBuildFile;
		fileRef = 19E52988752B80FD541659FC;
	};
	476DC124F31EEA92FB2F9F94 /* 476DC124F31EEA92FB2F9F94 */ = {
		isa = PBXBuildFile;
		fileRef = F035EC8F6EE68C301CCA326E;
	};
	4AEDA9A9240B69654ED01077 /* 4AEDA9A9240B69654ED01077 */ = {
		isa = PBXBuildFile;
		fileRef = C1500570860B074777D1122C;
	};
	4D4652C5722A891D0E8F2A0B /* 4D4652C5722A891D0E8F2A0B */ = {
		isa = PBXBuildFile;
		fileRef = 7A134B7F6EC7FEF20B0247B8;
	};
	4DBE57E216AD4A92D44C300D /* 4DBE57E216AD4A92D44C300D */ = {
		isa = PBXBuildFile;
		fileRef = DFFB3A04DCFE11AA8A75C917;
	};
	50B3B4F948134CC9D64FEAF3 /* 50B3B4F948134CC9D64FEAF3 */ = {
		isa = PBXBuildFile;
		fileRef = B0FA94F96C119EFBD28B7F0B;
	};
	62E646831E0902B06DD4553A /* 62E646831E0902B06DD4553A */ = {
		isa = PBXBuildFile;
		fileRef = DC9F358CA23F4689897454B8;
	};
	6EBFF0AF40037B9FFAE3E6B7 /* 6EBFF0AF40037B9FFAE3E6B7 */ = {
		isa = PBXBuildFile;
		fileRef = 6CAA3CF4C412CEDDEAA934C3;
	};
	7B7293219A79743F6E32F89C /* 7B7293219A79743F6E32F89C */ = {
		isa = PBXBuildFile;
		fileRef = F5EE8978A09525D063479709;
	};
	7FD529998E1DB52FD5D7646F /* 7FD529998E1DB52FD5D7646F */ = {
		isa = PBXBuildFile;
		fileRef = F9F5DB4F736723C6F2F5DC63;
	};
	82527FCFD49BD63A8F328A23 /* 82527FCFD49BD63A8F328A23 */ = {
		isa = PBXBuildFile;
		fileRef = 1890ACF921D842C7A68A1BBE;
	};
	833DD4914D428A4BD9FA445C /* 833DD4914D428A4BD9FA445C */ = {
		isa = PBXBuildFile;
		fileRef = 05B9799A26FB3FDC78B071F1;
	};
	92D836BA8D75FD4D4FC20474 /* 92D836BA8D75FD4D4FC20474 */ = {
		isa = PBXBuildFile;
		fileRef = AA60392EFF1E1EB77FEC0D36;
	};
	98D3A7E04EE8047A3A85CD0A /* 98D3A7E04EE8047A3A85CD0A */ = {
		isa = PBXBuildFile;
		fileRef = 0410DBDC2573D4A43ABE15F7;
	};
	9ADFF4DD9B5140998FE2D9BC /* 9ADFF4DD9B5140998FE2D9BC */ = {
		isa = PBXBuildFile;
		fileRef = 44A2613DA7CAFB830A1F06D3;
	};
	9F7D061010AC1F35C96F4929 /* 9F7D061010AC1F35C96F4929 */ = {
		isa = PBXBuildFile;
		fileRef = AF272D3718777F39FA504734;
	};
	A7E806B246A4F0307D48718E /* A7E806B246A4F0307D48718E */ = {
		isa = PBXBuildFile;
		fileRef = E6B23CE24C9E6714E4A1D885;
	};
	AD7516B98030139FB99D8579 /* AD7516B98030139FB99D8579 */ = {
		isa = PBXBuildFile;
		fileRef = 14679243FC833D0C8D16C74A;
	};
	BACFDA22270C59C70A9E512A /* BACFDA22270C59C70A9E512A */ = {
		isa = PBXBuildFile;
		fileRef = 48DFB6C6C2EEA832BFACA155;
	};
	C0BF1902E4AB186E1ED4C33C /* C0BF1902E4AB186E1ED4C33C */ = {
		isa = PBXBuildFile;
		fileRef = 21590BBBDE883EFBD31EAEE8;
	};
	C956C8E6486DF8E7AFEFB05C /* C956C8E6486DF8E7AFEFB05C */ = {
		isa = PBXBuildFile;
		fileRef = F6EF8E531BBFA21EF834D571;
	};
	D43E9821EC3E17EFF5B7B88C /* D43E9821EC3E17EFF5B7B88C */ = {
		isa = PBXBuildFile;
		fileRef = 69534F9EAC28CF4D641D8DC3;
	};
	D764C8753D76D87EC4C3839C /* D764C8753D76D87EC4C3839C */ = {
		isa = PBXBuildFile;
		fileRef = 5EF3C83CE85852F781B5EBA1;
	};
	DED2D39A014811631C96AFB7 /* DED2D39A014811631C96AFB7 */ = {
		isa = PBXBuildFile;
		fileRef = 2F003C23A18C74F51E543E30;
	};
	E36AE622041B0258EB01520F /* E36AE622041B0258EB01520F */ = {
		isa = PBXBuildFile;
		fileRef = CF5DAA48D342F90110132D61;
	};
	EA87728C5D51DB5852AC93BE /* EA87728C5D51DB5852AC93BE */ = {
		isa = PBXBuildFile;
		fileRef = 136BEC5F911CA3A945CDC744;
	};
	EC4C24611EC92CC86CD0E0C3 /* EC4C24611EC92CC86CD0E0C3 */ = {
		isa = PBXBuildFile;
		fileRef = FBDE7C50C5246FD21C67CBE5;
	};
	EE9D7758503EB5F8DD4D3E52 /* EE9D7758503EB5F8DD4D3E52 */ = {
		isa = PBXBuildFile;
		fileRef = B6830D0E035D1121B06CF64B;
	};
	F1B840EC59C8EF013434A941 /* F1B840EC59C8EF013434A941 */ = {
		isa = PBXBuildFile;
		fileRef = C9436B5A5555F38E15906412;
	};
	F9C1C4D396CDF507C7174639 /* F9C1C4D396CDF507C7174639 */ = {
		isa = PBXBuildFile;
		fileRef = EA66E191F044FFC4D9668848;
	};
	FC0ECFBA7C849165D47FED3D /* FC0ECFBA7C849165D47FED3D */ = {
		isa = PBXBuildFile;
		fileRef = 29548BE5AD0B39AAFE6CF22F;
	};
/* End PBXBuildFile section */

/* Begin PBXContainerItemProxy section */
	3412E6574B98EDF3F54840ED /* 3412E6574B98EDF3F54840ED */ = {
		isa = PBXContainerItemProxy;
		containerPortal = 59601E391B529B07AE11313D;
		proxyType = 1;
		remoteGlobalIDString = FB394FBB892F52161ADD1F20;
		remoteInfo = kUninstall;
	};
/* End PBXContainerItemProxy section */

/* Begin PBXFileReference section */
	0089DAE711574808D00ABD0B /* TrashMoverTests.swift */ = {
		isa = PBXFileReference;
		lastKnownFileType = sourcecode.swift;
		name = TrashMoverTests.swift;
		path = Tests/CleanTests/TrashMoverTests.swift;
		sourceTree = "<group>";
	};
	0410DBDC2573D4A43ABE15F7 /* DeepCleanViewModel.swift */ = {
		isa = PBXFileReference;
		lastKnownFileType = sourcecode.swift;
		name = DeepCleanViewModel.swift;
		path = Features/DeepClean/DeepCleanViewModel.swift;
		sourceTree = "<group>";
	};
	05B9799A26FB3FDC78B071F1 /* Assets.xcassets */ = {
		isa = PBXFileReference;
		lastKnownFileType = folder.assetcatalog;
		name = Assets.xcassets;
		path = Resources/Assets.xcassets;
		sourceTree = "<group>";
	};
	06E33A55C4FF7FD14C728811 /* InstalledAppTests.swift */ = {
		isa = PBXFileReference;
		lastKnownFileType = sourcecode.swift;
		name = InstalledAppTests.swift;
		path = Tests/DetectTests/InstalledAppTests.swift;
		sourceTree = "<group>";
	};
	09C386C2F6D04F8712E2E85C /* kUninstallTests.xctest */ = {
		isa = PBXFileReference;
		explicitFileType = "wrapper.cfbundle";
		includeInIndex = 0;
		name = kUninstallTests.xctest;
		path = kUninstallTests.xctest;
		sourceTree = BUILT_PRODUCTS_DIR;
	};
	0C25FC9BBBD612C35A333C8F /* BackupManager.swift */ = {
		isa = PBXFileReference;
		lastKnownFileType = sourcecode.swift;
		name = BackupManager.swift;
		path = Data/BackupManager.swift;
		sourceTree = "<group>";
	};
	136BEC5F911CA3A945CDC744 /* FDAGuideController.swift */ = {
		isa = PBXFileReference;
		lastKnownFileType = sourcecode.swift;
		name = FDAGuideController.swift;
		path = Features/Onboarding/FDAGuideController.swift;
		sourceTree = "<group>";
	};
	14679243FC833D0C8D16C74A /* AppState.swift */ = {
		isa = PBXFileReference;
		lastKnownFileType = sourcecode.swift;
		name = AppState.swift;
		path = App/AppState.swift;
		sourceTree = "<group>";
	};
	1890ACF921D842C7A68A1BBE /* DetailViewModel.swift */ = {
		isa = PBXFileReference;
		lastKnownFileType = sourcecode.swift;
		name = DetailViewModel.swift;
		path = Features/Detail/DetailViewModel.swift;
		sourceTree = "<group>";
	};
	19E52988752B80FD541659FC /* ResidueDetector.swift */ = {
		isa = PBXFileReference;
		lastKnownFileType = sourcecode.swift;
		name = ResidueDetector.swift;
		path = Core/Detect/ResidueDetector.swift;
		sourceTree = "<group>";
	};
	1B365D303EAC1EE8F810E853 /* StartupItemsViewModel.swift */ = {
		isa = PBXFileReference;
		lastKnownFileType = sourcecode.swift;
		name = StartupItemsViewModel.swift;
		path = Features/StartupItems/StartupItemsViewModel.swift;
		sourceTree = "<group>";
	};
	1C4455D0B4CE1B5F5681A2FE /* SettingsView.swift */ = {
		isa = PBXFileReference;
		lastKnownFileType = sourcecode.swift;
		name = SettingsView.swift;
		path = Features/Settings/SettingsView.swift;
		sourceTree = "<group>";
	};
	21590BBBDE883EFBD31EAEE8 /* FDAGuideView.swift */ = {
		isa = PBXFileReference;
		lastKnownFileType = sourcecode.swift;
		name = FDAGuideView.swift;
		path = Features/Onboarding/FDAGuideView.swift;
		sourceTree = "<group>";
	};
	27E8208E9A99978867A43090 /* kFoundation */ = {
		isa = PBXFileReference;
		lastKnownFileType = folder;
		name = kFoundation;
		path = /Users/mengjianjun/Documents/ai/aicoding/macapp/kFoundation;
		sourceTree = "<absolute>";
	};
	29548BE5AD0B39AAFE6CF22F /* StoreManager.swift */ = {
		isa = PBXFileReference;
		lastKnownFileType = sourcecode.swift;
		name = StoreManager.swift;
		path = Store/StoreManager.swift;
		sourceTree = "<group>";
	};
	2F003C23A18C74F51E543E30 /* AppCatalogService.swift */ = {
		isa = PBXFileReference;
		lastKnownFileType = sourcecode.swift;
		name = AppCatalogService.swift;
		path = Core/Detect/AppCatalogService.swift;
		sourceTree = "<group>";
	};
	381D3A35ABE82AE0AE3F42B3 /* InstalledApp.swift */ = {
		isa = PBXFileReference;
		lastKnownFileType = sourcecode.swift;
		name = InstalledApp.swift;
		path = Core/Detect/InstalledApp.swift;
		sourceTree = "<group>";
	};
	3EBAE220C65B95B5461A69F4 /* Info.plist */ = {
		isa = PBXFileReference;
		lastKnownFileType = text.plist.xml;
		name = Info.plist;
		path = Info.plist;
		sourceTree = "<group>";
	};
	43E95637FFF6820D2C78A1BE /* AppListViewModel.swift */ = {
		isa = PBXFileReference;
		lastKnownFileType = sourcecode.swift;
		name = AppListViewModel.swift;
		path = Features/AppList/AppListViewModel.swift;
		sourceTree = "<group>";
	};
	44A2613DA7CAFB830A1F06D3 /* AppCatalogServiceTests.swift */ = {
		isa = PBXFileReference;
		lastKnownFileType = sourcecode.swift;
		name = AppCatalogServiceTests.swift;
		path = Tests/DetectTests/AppCatalogServiceTests.swift;
		sourceTree = "<group>";
	};
	48DFB6C6C2EEA832BFACA155 /* StoreDefinitions.swift */ = {
		isa = PBXFileReference;
		lastKnownFileType = sourcecode.swift;
		name = StoreDefinitions.swift;
		path = Store/StoreDefinitions.swift;
		sourceTree = "<group>";
	};
	4DB6B5CBAB9D12D12D1702D7 /* UninstallHistoryRepository.swift */ = {
		isa = PBXFileReference;
		lastKnownFileType = sourcecode.swift;
		name = UninstallHistoryRepository.swift;
		path = Data/UninstallHistoryRepository.swift;
		sourceTree = "<group>";
	};
	592A3E8DE2005013EFE473D7 /* kUninstall.app */ = {
		isa = PBXFileReference;
		explicitFileType = "wrapper.application";
		includeInIndex = 0;
		name = kUninstall.app;
		path = kUninstall.app;
		sourceTree = BUILT_PRODUCTS_DIR;
	};
	5EF3C83CE85852F781B5EBA1 /* AppRowView.swift */ = {
		isa = PBXFileReference;
		lastKnownFileType = sourcecode.swift;
		name = AppRowView.swift;
		path = Features/AppList/AppRowView.swift;
		sourceTree = "<group>";
	};
	69534F9EAC28CF4D641D8DC3 /* EmptyStateView.swift */ = {
		isa = PBXFileReference;
		lastKnownFileType = sourcecode.swift;
		name = EmptyStateView.swift;
		path = Features/Common/EmptyStateView.swift;
		sourceTree = "<group>";
	};
	6CAA3CF4C412CEDDEAA934C3 /* PaywallView.swift */ = {
		isa = PBXFileReference;
		lastKnownFileType = sourcecode.swift;
		name = PaywallView.swift;
		path = Store/PaywallView.swift;
		sourceTree = "<group>";
	};
	7A134B7F6EC7FEF20B0247B8 /* AppListView.swift */ = {
		isa = PBXFileReference;
		lastKnownFileType = sourcecode.swift;
		name = AppListView.swift;
		path = Features/AppList/AppListView.swift;
		sourceTree = "<group>";
	};
	90B6343DFAE6C2A9AECF231C /* ResidueDetectorTests.swift */ = {
		isa = PBXFileReference;
		lastKnownFileType = sourcecode.swift;
		name = ResidueDetectorTests.swift;
		path = Tests/DetectTests/ResidueDetectorTests.swift;
		sourceTree = "<group>";
	};
	A4DAE388B0AC28F32B29E678 /* kUninstall.entitlements */ = {
		isa = PBXFileReference;
		lastKnownFileType = text.plist.entitlements;
		name = kUninstall.entitlements;
		path = kUninstall.entitlements;
		sourceTree = "<group>";
	};
	AA60392EFF1E1EB77FEC0D36 /* AppDetailView.swift */ = {
		isa = PBXFileReference;
		lastKnownFileType = sourcecode.swift;
		name = AppDetailView.swift;
		path = Features/Detail/AppDetailView.swift;
		sourceTree = "<group>";
	};
	AF272D3718777F39FA504734 /* ResidueScanner.swift */ = {
		isa = PBXFileReference;
		lastKnownFileType = sourcecode.swift;
		name = ResidueScanner.swift;
		path = Core/Clean/ResidueScanner.swift;
		sourceTree = "<group>";
	};
	B0FA94F96C119EFBD28B7F0B /* kUninstallApp.swift */ = {
		isa = PBXFileReference;
		lastKnownFileType = sourcecode.swift;
		name = kUninstallApp.swift;
		path = App/kUninstallApp.swift;
		sourceTree = "<group>";
	};
	B6830D0E035D1121B06CF64B /* SettingsViewModel.swift */ = {
		isa = PBXFileReference;
		lastKnownFileType = sourcecode.swift;
		name = SettingsViewModel.swift;
		path = Features/Settings/SettingsViewModel.swift;
		sourceTree = "<group>";
	};
	C1500570860B074777D1122C /* HistoryViewModel.swift */ = {
		isa = PBXFileReference;
		lastKnownFileType = sourcecode.swift;
		name = HistoryViewModel.swift;
		path = Features/History/HistoryViewModel.swift;
		sourceTree = "<group>";
	};
	C9436B5A5555F38E15906412 /* FDAuthorizer.swift */ = {
		isa = PBXFileReference;
		lastKnownFileType = sourcecode.swift;
		name = FDAuthorizer.swift;
		path = Data/FDAuthorizer.swift;
		sourceTree = "<group>";
	};
	CF5DAA48D342F90110132D61 /* StartupItemsView.swift */ = {
		isa = PBXFileReference;
		lastKnownFileType = sourcecode.swift;
		name = StartupItemsView.swift;
		path = Features/StartupItems/StartupItemsView.swift;
		sourceTree = "<group>";
	};
	DC9F358CA23F4689897454B8 /* TrashMover.swift */ = {
		isa = PBXFileReference;
		lastKnownFileType = sourcecode.swift;
		name = TrashMover.swift;
		path = Core/Clean/TrashMover.swift;
		sourceTree = "<group>";
	};
	DFFB3A04DCFE11AA8A75C917 /* HistoryView.swift */ = {
		isa = PBXFileReference;
		lastKnownFileType = sourcecode.swift;
		name = HistoryView.swift;
		path = Features/History/HistoryView.swift;
		sourceTree = "<group>";
	};
	E6B23CE24C9E6714E4A1D885 /* UninstallConfirmSheet.swift */ = {
		isa = PBXFileReference;
		lastKnownFileType = sourcecode.swift;
		name = UninstallConfirmSheet.swift;
		path = Features/Detail/UninstallConfirmSheet.swift;
		sourceTree = "<group>";
	};
	EA66E191F044FFC4D9668848 /* LoadingStateView.swift */ = {
		isa = PBXFileReference;
		lastKnownFileType = sourcecode.swift;
		name = LoadingStateView.swift;
		path = Features/Common/LoadingStateView.swift;
		sourceTree = "<group>";
	};
	F035EC8F6EE68C301CCA326E /* DeepCleanEngine.swift */ = {
		isa = PBXFileReference;
		lastKnownFileType = sourcecode.swift;
		name = DeepCleanEngine.swift;
		path = Features/DeepClean/DeepCleanEngine.swift;
		sourceTree = "<group>";
	};
	F5EE8978A09525D063479709 /* SystemCleanGroupView.swift */ = {
		isa = PBXFileReference;
		lastKnownFileType = sourcecode.swift;
		name = SystemCleanGroupView.swift;
		path = Features/DeepClean/SystemCleanGroupView.swift;
		sourceTree = "<group>";
	};
	F6EF8E531BBFA21EF834D571 /* ResidueSectionView.swift */ = {
		isa = PBXFileReference;
		lastKnownFileType = sourcecode.swift;
		name = ResidueSectionView.swift;
		path = Features/Detail/ResidueSectionView.swift;
		sourceTree = "<group>";
	};
	F86D4AC4F12BECB5A60374D9 /* StartupItemManager.swift */ = {
		isa = PBXFileReference;
		lastKnownFileType = sourcecode.swift;
		name = StartupItemManager.swift;
		path = Core/Startup/StartupItemManager.swift;
		sourceTree = "<group>";
	};
	F9F5DB4F736723C6F2F5DC63 /* RootView.swift */ = {
		isa = PBXFileReference;
		lastKnownFileType = sourcecode.swift;
		name = RootView.swift;
		path = App/RootView.swift;
		sourceTree = "<group>";
	};
	FBDE7C50C5246FD21C67CBE5 /* DeepCleanView.swift */ = {
		isa = PBXFileReference;
		lastKnownFileType = sourcecode.swift;
		name = DeepCleanView.swift;
		path = Features/DeepClean/DeepCleanView.swift;
		sourceTree = "<group>";
	};
	FC8F976B27828057A607616A /* AppCoordinator.swift */ = {
		isa = PBXFileReference;
		lastKnownFileType = sourcecode.swift;
		name = AppCoordinator.swift;
		path = App/AppCoordinator.swift;
		sourceTree = "<group>";
	};
/* End PBXFileReference section */

/* Begin PBXFrameworksBuildPhase section */
	4012D4C9DAE5CD9D31F3FFB2 /* 4012D4C9DAE5CD9D31F3FFB2 */ = {
		isa = PBXFrameworksBuildPhase;
		buildActionMask = 2147483647;
		files = (
		);
		runOnlyForDeploymentPostprocessing = 0;
	};
	639838777480095AEC9EAF3D /* 639838777480095AEC9EAF3D */ = {
		isa = PBXFrameworksBuildPhase;
		buildActionMask = 2147483647;
		files = (
		);
		runOnlyForDeploymentPostprocessing = 0;
	};
/* End PBXFrameworksBuildPhase section */

/* Begin PBXGroup section */
	0283ED5888E25C418EDF5949 /* History */ = {
		isa = PBXGroup;
		children = (
			DFFB3A04DCFE11AA8A75C917 /* HistoryView.swift */,
			C1500570860B074777D1122C /* HistoryViewModel.swift */,
		);
		name = History;
		sourceTree = "<group>";
	};
	080719DCC0589D18D62EF828 /* Store */ = {
		isa = PBXGroup;
		children = (
			48DFB6C6C2EEA832BFACA155 /* StoreDefinitions.swift */,
			29548BE5AD0B39AAFE6CF22F /* StoreManager.swift */,
			6CAA3CF4C412CEDDEAA934C3 /* PaywallView.swift */,
		);
		name = Store;
		sourceTree = "<group>";
	};
	09B44A2A4904872CFA147FCA /* Frameworks */ = {
		isa = PBXGroup;
		children = (
			27E8208E9A99978867A43090 /* kFoundation */,
		);
		name = Frameworks;
		sourceTree = "<group>";
	};
	0BFD696B0848A9C40367B52E /* Startup */ = {
		isa = PBXGroup;
		children = (
			F86D4AC4F12BECB5A60374D9 /* StartupItemManager.swift */,
		);
		name = Startup;
		sourceTree = "<group>";
	};
	10A05D10F4BAD8757DBB68EE /* Core */ = {
		isa = PBXGroup;
		children = (
			3439CADB97B973753F0013F7 /* Detect */,
			B6AF0BB12BBE679326B3832F /* Clean */,
			0BFD696B0848A9C40367B52E /* Startup */,
		);
		name = Core;
		sourceTree = "<group>";
	};
	1119F24AE4A205A534838F74 /* Resources */ = {
		isa = PBXGroup;
		children = (
			05B9799A26FB3FDC78B071F1 /* Assets.xcassets */,
		);
		name = Resources;
		sourceTree = "<group>";
	};
	2220AFE70C0352F63AF55DB3 /* UITests */ = {
		isa = PBXGroup;
		children = (
		);
		name = UITests;
		sourceTree = "<group>";
	};
	2393A47879AB5770997F6712 /* DetectTests */ = {
		isa = PBXGroup;
		children = (
		);
		name = DetectTests;
		sourceTree = "<group>";
	};
	28A9C632746B17FFA5197C8E /* DeepClean */ = {
		isa = PBXGroup;
		children = (
			F035EC8F6EE68C301CCA326E /* DeepCleanEngine.swift */,
			0410DBDC2573D4A43ABE15F7 /* DeepCleanViewModel.swift */,
			FBDE7C50C5246FD21C67CBE5 /* DeepCleanView.swift */,
			F5EE8978A09525D063479709 /* SystemCleanGroupView.swift */,
		);
		name = DeepClean;
		sourceTree = "<group>";
	};
	3439CADB97B973753F0013F7 /* Detect */ = {
		isa = PBXGroup;
		children = (
			381D3A35ABE82AE0AE3F42B3 /* InstalledApp.swift */,
			2F003C23A18C74F51E543E30 /* AppCatalogService.swift */,
			19E52988752B80FD541659FC /* ResidueDetector.swift */,
		);
		name = Detect;
		sourceTree = "<group>";
	};
	3C01BB5CC94D49CC05F47B00 /* AppList */ = {
		isa = PBXGroup;
		children = (
			43E95637FFF6820D2C78A1BE /* AppListViewModel.swift */,
			7A134B7F6EC7FEF20B0247B8 /* AppListView.swift */,
			5EF3C83CE85852F781B5EBA1 /* AppRowView.swift */,
		);
		name = AppList;
		sourceTree = "<group>";
	};
	3F300C2EC1A0250807DB22F8 /* Common */ = {
		isa = PBXGroup;
		children = (
			69534F9EAC28CF4D641D8DC3 /* EmptyStateView.swift */,
			EA66E191F044FFC4D9668848 /* LoadingStateView.swift */,
		);
		name = Common;
		sourceTree = "<group>";
	};
	541BE480BD6342CA50028767 /* Data */ = {
		isa = PBXGroup;
		children = (
			0C25FC9BBBD612C35A333C8F /* BackupManager.swift */,
			4DB6B5CBAB9D12D12D1702D7 /* UninstallHistoryRepository.swift */,
			C9436B5A5555F38E15906412 /* FDAuthorizer.swift */,
		);
		name = Data;
		sourceTree = "<group>";
	};
	6F639C44EC4191E54FD9C780 /* Detail */ = {
		isa = PBXGroup;
		children = (
			AA60392EFF1E1EB77FEC0D36 /* AppDetailView.swift */,
			1890ACF921D842C7A68A1BBE /* DetailViewModel.swift */,
			F6EF8E531BBFA21EF834D571 /* ResidueSectionView.swift */,
			E6B23CE24C9E6714E4A1D885 /* UninstallConfirmSheet.swift */,
		);
		name = Detail;
		sourceTree = "<group>";
	};
	8737C58DE7045208C482770A /* Intents */ = {
		isa = PBXGroup;
		children = (
		);
		name = Intents;
		sourceTree = "<group>";
	};
	8CB695B89F15D64CF154F9CA /* kUninstall */ = {
		isa = PBXGroup;
		children = (
			C2EDC4814724351A3444C62A /* App */,
			10A05D10F4BAD8757DBB68EE /* Core */,
			541BE480BD6342CA50028767 /* Data */,
			B31AC5F5A4F7E20AE1F086A3 /* Features */,
			AB9A6EBAA83058E1F2B4CCE0 /* FinderExtension */,
			8737C58DE7045208C482770A /* Intents */,
			D086B1D575B679BDD667F1C2 /* MenuBar */,
			1119F24AE4A205A534838F74 /* Resources */,
			080719DCC0589D18D62EF828 /* Store */,
			F4D2E522CF9449BF1C2F0894 /* Widgets */,
			BFF03A4B7DE5959B1AAD4165 /* Tests */,
			EBA56EB89A9347CFCE560E19 /* Products */,
			09B44A2A4904872CFA147FCA /* Frameworks */,
			3EBAE220C65B95B5461A69F4 /* Info.plist */,
			A4DAE388B0AC28F32B29E678 /* kUninstall.entitlements */,
		);
		name = kUninstall;
		path = "";
		sourceTree = "<group>";
	};
	92CF88F56CFAD37E6AF2955F /* CleanTests */ = {
		isa = PBXGroup;
		children = (
		);
		name = CleanTests;
		sourceTree = "<group>";
	};
	948A46E6570A8D25B50581C8 /* Onboarding */ = {
		isa = PBXGroup;
		children = (
			136BEC5F911CA3A945CDC744 /* FDAGuideController.swift */,
			21590BBBDE883EFBD31EAEE8 /* FDAGuideView.swift */,
		);
		name = Onboarding;
		sourceTree = "<group>";
	};
	96268A9A1A43BACF89496A38 /* StartupItems */ = {
		isa = PBXGroup;
		children = (
			CF5DAA48D342F90110132D61 /* StartupItemsView.swift */,
			1B365D303EAC1EE8F810E853 /* StartupItemsViewModel.swift */,
		);
		name = StartupItems;
		sourceTree = "<group>";
	};
	969679DE865F3E68DEC65C79 /* Settings */ = {
		isa = PBXGroup;
		children = (
			1C4455D0B4CE1B5F5681A2FE /* SettingsView.swift */,
			B6830D0E035D1121B06CF64B /* SettingsViewModel.swift */,
		);
		name = Settings;
		sourceTree = "<group>";
	};
	AB9A6EBAA83058E1F2B4CCE0 /* FinderExtension */ = {
		isa = PBXGroup;
		children = (
		);
		name = FinderExtension;
		sourceTree = "<group>";
	};
	B31AC5F5A4F7E20AE1F086A3 /* Features */ = {
		isa = PBXGroup;
		children = (
			3C01BB5CC94D49CC05F47B00 /* AppList */,
			3F300C2EC1A0250807DB22F8 /* Common */,
			28A9C632746B17FFA5197C8E /* DeepClean */,
			6F639C44EC4191E54FD9C780 /* Detail */,
			0283ED5888E25C418EDF5949 /* History */,
			948A46E6570A8D25B50581C8 /* Onboarding */,
			969679DE865F3E68DEC65C79 /* Settings */,
			96268A9A1A43BACF89496A38 /* StartupItems */,
		);
		name = Features;
		sourceTree = "<group>";
	};
	B6AF0BB12BBE679326B3832F /* Clean */ = {
		isa = PBXGroup;
		children = (
			DC9F358CA23F4689897454B8 /* TrashMover.swift */,
			AF272D3718777F39FA504734 /* ResidueScanner.swift */,
		);
		name = Clean;
		sourceTree = "<group>";
	};
	BFF03A4B7DE5959B1AAD4165 /* Tests */ = {
		isa = PBXGroup;
		children = (
			06E33A55C4FF7FD14C728811 /* InstalledAppTests.swift */,
			44A2613DA7CAFB830A1F06D3 /* AppCatalogServiceTests.swift */,
			90B6343DFAE6C2A9AECF231C /* ResidueDetectorTests.swift */,
			0089DAE711574808D00ABD0B /* TrashMoverTests.swift */,
		);
		name = Tests;
		sourceTree = "<group>";
	};
	C2EDC4814724351A3444C62A /* App */ = {
		isa = PBXGroup;
		children = (
			B0FA94F96C119EFBD28B7F0B /* kUninstallApp.swift */,
			14679243FC833D0C8D16C74A /* AppState.swift */,
			F9F5DB4F736723C6F2F5DC63 /* RootView.swift */,
			FC8F976B27828057A607616A /* AppCoordinator.swift */,
		);
		name = App;
		sourceTree = "<group>";
	};
	D086B1D575B679BDD667F1C2 /* MenuBar */ = {
		isa = PBXGroup;
		children = (
		);
		name = MenuBar;
		sourceTree = "<group>";
	};
	D5C3C798E3485DAFB96FECAE /* IntegrationTests */ = {
		isa = PBXGroup;
		children = (
		);
		name = IntegrationTests;
		sourceTree = "<group>";
	};
	EBA56EB89A9347CFCE560E19 /* Products */ = {
		isa = PBXGroup;
		children = (
			592A3E8DE2005013EFE473D7 /* kUninstall.app */,
			09C386C2F6D04F8712E2E85C /* kUninstallTests.xctest */,
		);
		name = Products;
		sourceTree = "<group>";
	};
	F4D2E522CF9449BF1C2F0894 /* Widgets */ = {
		isa = PBXGroup;
		children = (
		);
		name = Widgets;
		sourceTree = "<group>";
	};
/* End PBXGroup section */

/* Begin PBXNativeTarget section */
	0FBA227ABB8C4996E5584B8F /* kUninstallTests */ = {
		isa = PBXNativeTarget;
		buildConfigurationList = 3FD6CBC4FF291B9367FDC53D;
		buildPhases = (
			A3EBA454EB2F5C879CA40B0C /* Sources */,
			4012D4C9DAE5CD9D31F3FFB2 /* Frameworks */,
		);
		buildRules = (
		);
		dependencies = (
			364ACEDCA212FD889EA1CC94 /* kUninstall */,
		);
		name = kUninstallTests;
		productName = kUninstallTests;
		productReference = 09C386C2F6D04F8712E2E85C;
		productType = "com.apple.product-type.bundle.unit-test";
	};
	FB394FBB892F52161ADD1F20 /* kUninstall */ = {
		isa = PBXNativeTarget;
		buildConfigurationList = 6080F8A7C5D6A84AD151124F;
		buildPhases = (
			D7ADA1B3F2BD4A23138F5A71 /* Sources */,
			639838777480095AEC9EAF3D /* Frameworks */,
			0F96DF12DE3D14BDBD2DCA50 /* Resources */,
		);
		buildRules = (
		);
		dependencies = (
		);
		name = kUninstall;
		packageProductDependencies = (
			8FC8EFB927E635ABBEBD95C0 /* DesignSystem */,
			318F614673711C07F3DB300D /* FileScanner */,
			AA27570A2ED9B8ABCC965A59 /* CommonUtils */,
			5C6B11CEE1107D6AC8C4701B /* Capabilities */,
		);
		productName = kUninstall;
		productReference = 592A3E8DE2005013EFE473D7;
		productType = "com.apple.product-type.application";
	};
/* End PBXNativeTarget section */

/* Begin PBXProject section */
	59601E391B529B07AE11313D /* kUninstall */ = {
		isa = PBXProject;
		attributes = {
			BuildIndependentTargetsInParallel = 1;
			LastSwiftUpdateCheck = 1430;
			LastUpgradeCheck = 1430;
			TargetAttributes = {
				FB394FBB892F52161ADD1F20 /* kUninstall */ = {CreatedOnToolsVersion = 14.3; };
				0FBA227ABB8C4996E5584B8F /* kUninstallTests */ = {CreatedOnToolsVersion = 14.3; TestTargetID = FB394FBB892F52161ADD1F20; };
			};
		};
		buildConfigurationList = CF35BBADA1B6673793B45974;
		compatibilityVersion = "Xcode 14.0";
		developmentRegion = en;
		hasScannedForEncodings = 0;
		knownRegions = (
			en,
			Base,
			zh-Hans,
			ja,
		);
		mainGroup = 8CB695B89F15D64CF154F9CA;
		name = kUninstall;
		packageReferences = (
			9B11DE76A6AB3B8F9151A660 /* kFoundation */,
		);
		productRefGroup = EBA56EB89A9347CFCE560E19;
		projectDirPath = "";
		projectRoot = "";
		targets = (
			FB394FBB892F52161ADD1F20 /* kUninstall */,
			0FBA227ABB8C4996E5584B8F /* kUninstallTests */,
		);
	};
/* End PBXProject section */

/* Begin PBXResourcesBuildPhase section */
	0F96DF12DE3D14BDBD2DCA50 /* 0F96DF12DE3D14BDBD2DCA50 */ = {
		isa = PBXResourcesBuildPhase;
		buildActionMask = 2147483647;
		files = (
			833DD4914D428A4BD9FA445C /* 833DD4914D428A4BD9FA445C */,
		);
		runOnlyForDeploymentPostprocessing = 0;
	};
/* End PBXResourcesBuildPhase section */

/* Begin PBXSourcesBuildPhase section */
	A3EBA454EB2F5C879CA40B0C /* A3EBA454EB2F5C879CA40B0C */ = {
		isa = PBXSourcesBuildPhase;
		buildActionMask = 2147483647;
		files = (
			30777437B37859FB155C273A /* 30777437B37859FB155C273A */,
			9ADFF4DD9B5140998FE2D9BC /* 9ADFF4DD9B5140998FE2D9BC */,
			2020927CA05A06C999931B56 /* 2020927CA05A06C999931B56 */,
			1AF07C1E096B63D68139A2B5 /* 1AF07C1E096B63D68139A2B5 */,
		);
		runOnlyForDeploymentPostprocessing = 0;
	};
	D7ADA1B3F2BD4A23138F5A71 /* D7ADA1B3F2BD4A23138F5A71 */ = {
		isa = PBXSourcesBuildPhase;
		buildActionMask = 2147483647;
		files = (
			50B3B4F948134CC9D64FEAF3 /* 50B3B4F948134CC9D64FEAF3 */,
			AD7516B98030139FB99D8579 /* AD7516B98030139FB99D8579 */,
			7FD529998E1DB52FD5D7646F /* 7FD529998E1DB52FD5D7646F */,
			0E0009E1917D6448F609648C /* 0E0009E1917D6448F609648C */,
			2B06CE90451E121FCC65E18A /* 2B06CE90451E121FCC65E18A */,
			DED2D39A014811631C96AFB7 /* DED2D39A014811631C96AFB7 */,
			3D4A21BD659FC7020FF7156B /* 3D4A21BD659FC7020FF7156B */,
			62E646831E0902B06DD4553A /* 62E646831E0902B06DD4553A */,
			9F7D061010AC1F35C96F4929 /* 9F7D061010AC1F35C96F4929 */,
			3C45097EB9D7EA5FFC202E91 /* 3C45097EB9D7EA5FFC202E91 */,
			25A10FE62B29AD4A68CDD057 /* 25A10FE62B29AD4A68CDD057 */,
			F1B840EC59C8EF013434A941 /* F1B840EC59C8EF013434A941 */,
			2881629D9FD740DD04775A52 /* 2881629D9FD740DD04775A52 */,
			4D4652C5722A891D0E8F2A0B /* 4D4652C5722A891D0E8F2A0B */,
			D764C8753D76D87EC4C3839C /* D764C8753D76D87EC4C3839C */,
			D43E9821EC3E17EFF5B7B88C /* D43E9821EC3E17EFF5B7B88C */,
			F9C1C4D396CDF507C7174639 /* F9C1C4D396CDF507C7174639 */,
			476DC124F31EEA92FB2F9F94 /* 476DC124F31EEA92FB2F9F94 */,
			98D3A7E04EE8047A3A85CD0A /* 98D3A7E04EE8047A3A85CD0A */,
			EC4C24611EC92CC86CD0E0C3 /* EC4C24611EC92CC86CD0E0C3 */,
			7B7293219A79743F6E32F89C /* 7B7293219A79743F6E32F89C */,
			92D836BA8D75FD4D4FC20474 /* 92D836BA8D75FD4D4FC20474 */,
			82527FCFD49BD63A8F328A23 /* 82527FCFD49BD63A8F328A23 */,
			C956C8E6486DF8E7AFEFB05C /* C956C8E6486DF8E7AFEFB05C */,
			A7E806B246A4F0307D48718E /* A7E806B246A4F0307D48718E */,
			4DBE57E216AD4A92D44C300D /* 4DBE57E216AD4A92D44C300D */,
			4AEDA9A9240B69654ED01077 /* 4AEDA9A9240B69654ED01077 */,
			EA87728C5D51DB5852AC93BE /* EA87728C5D51DB5852AC93BE */,
			C0BF1902E4AB186E1ED4C33C /* C0BF1902E4AB186E1ED4C33C */,
			115B97F3BA2B8AE4E280E771 /* 115B97F3BA2B8AE4E280E771 */,
			EE9D7758503EB5F8DD4D3E52 /* EE9D7758503EB5F8DD4D3E52 */,
			2422F783D185FC935A880678 /* 2422F783D185FC935A880678 */,
			E36AE622041B0258EB01520F /* E36AE622041B0258EB01520F */,
			0B68BECE3F04183454E65D6D /* 0B68BECE3F04183454E65D6D */,
			BACFDA22270C59C70A9E512A /* BACFDA22270C59C70A9E512A */,
			FC0ECFBA7C849165D47FED3D /* FC0ECFBA7C849165D47FED3D */,
			6EBFF0AF40037B9FFAE3E6B7 /* 6EBFF0AF40037B9FFAE3E6B7 */,
		);
		runOnlyForDeploymentPostprocessing = 0;
	};
/* End PBXSourcesBuildPhase section */

/* Begin PBXTargetDependency section */
	364ACEDCA212FD889EA1CC94 /* kUninstall */ = {
		isa = PBXTargetDependency;
		name = kUninstall;
		target = FB394FBB892F52161ADD1F20;
		targetProxy = 3412E6574B98EDF3F54840ED;
	};
/* End PBXTargetDependency section */

/* Begin XCBuildConfiguration section */
	327A485C172AB8BDAA4E2848 /* Release */ = {
		isa = XCBuildConfiguration;
		buildSettings = {
		BUNDLE_LOADER = "$(TEST_HOST)";
		CODE_SIGN_STYLE = Automatic;
		CURRENT_PROJECT_VERSION = 1;
		DEVELOPMENT_TEAM = "";
		GENERATE_INFOPLIST_FILE = YES;
		MACOSX_DEPLOYMENT_TARGET = 13.0;
		MARKETING_VERSION = 1.0;
		PRODUCT_BUNDLE_IDENTIFIER = app.kraftly.kuninstall.tests;
		PRODUCT_NAME = "$(TARGET_NAME)";
		SDKROOT = macosx;
		SWIFT_VERSION = 5.0;
		TEST_HOST = "$(BUILT_PRODUCTS_DIR)/kUninstall.app/Contents/MacOS/kUninstall";
		};
		name = Release;
	};
	3A75C3F04A5A46A06A715410 /* Debug */ = {
		isa = XCBuildConfiguration;
		buildSettings = {
		ASSETCATALOG_COMPILER_APPICON_NAME = AppIcon;
		CODE_SIGNING_ALLOWED = NO;
		CODE_SIGN_STYLE = Manual;
		COMBINE_HIDPI_IMAGES = YES;
		CURRENT_PROJECT_VERSION = 1;
		DEVELOPMENT_TEAM = "";
		GENERATE_INFOPLIST_FILE = YES;
		INFOPLIST_FILE = Info.plist;
		INFOPLIST_KEY_CFBundleDisplayName = kUninstall;
		INFOPLIST_KEY_CFBundleIdentifier = app.kraftly.kuninstall;
		INFOPLIST_KEY_CFBundleName = kUninstall;
		INFOPLIST_KEY_CFBundlePackageType = "APPL";
		INFOPLIST_KEY_CFBundleShortVersionString = "1.0";
		INFOPLIST_KEY_CFBundleVersion = 1;
		INFOPLIST_KEY_LSMinimumSystemVersion = 13.0;
		INFOPLIST_KEY_NSHumanReadableCopyright = "";
		MACOSX_DEPLOYMENT_TARGET = 13.0;
		MARKETING_VERSION = 1.0;
		PRODUCT_BUNDLE_IDENTIFIER = app.kraftly.kuninstall;
		PRODUCT_NAME = "$(TARGET_NAME)";
		SDKROOT = macosx;
		SWIFT_EMIT_LOC_STRINGS = YES;
		SWIFT_VERSION = 5.0;
		};
		name = Debug;
	};
	3F8D7C61364D6E91CEA539C5 /* Release */ = {
		isa = XCBuildConfiguration;
		buildSettings = {
		ALWAYS_SEARCH_USER_PATHS = NO;
		ASSETCATALOG_COMPILER_GENERATE_SWIFT_ASSET_SYMBOL_EXTENSIONS = YES;
		CLANG_ANALYZER_NONNULL = YES;
		CLANG_CXX_LANGUAGE_STANDARD = "gnu++20";
		CLANG_ENABLE_MODULES = YES;
		CLANG_ENABLE_OBJC_ARC = YES;
		COPY_PHASE_STRIP = NO;
		DEBUG_INFORMATION_FORMAT = "dwarf-with-dsym";
		ENABLE_NS_ASSERTIONS = NO;
		ENABLE_STRICT_OBJC_MSGSEND = YES;
		GCC_OPTIMIZATION_LEVEL = s;
		MACOSX_DEPLOYMENT_TARGET = 13.0;
		MTL_ENABLE_DEBUG_INFO = NO;
		SDKROOT = macosx;
		SWIFT_COMPILATION_MODE = wholemodule;
		SWIFT_OPTIMIZATION_LEVEL = "-O";
		SWIFT_STRICT_CONCURRENCY = complete;
		SWIFT_VERSION = 5.0;
		};
		name = Release;
	};
	40AC8DB68C57EFEB661DB3D0 /* Release */ = {
		isa = XCBuildConfiguration;
		buildSettings = {
		ASSETCATALOG_COMPILER_APPICON_NAME = AppIcon;
		CODE_SIGN_ENTITLEMENTS = kUninstall.entitlements;
		CODE_SIGN_IDENTITY = "-";
		CODE_SIGN_STYLE = Manual;
		COMBINE_HIDPI_IMAGES = YES;
		CURRENT_PROJECT_VERSION = 1;
		DEVELOPMENT_TEAM = "";
		GENERATE_INFOPLIST_FILE = YES;
		INFOPLIST_FILE = Info.plist;
		INFOPLIST_KEY_CFBundleDisplayName = kUninstall;
		INFOPLIST_KEY_CFBundleIdentifier = app.kraftly.kuninstall;
		INFOPLIST_KEY_CFBundleName = kUninstall;
		INFOPLIST_KEY_CFBundlePackageType = "APPL";
		INFOPLIST_KEY_CFBundleShortVersionString = "1.0";
		INFOPLIST_KEY_CFBundleVersion = 1;
		INFOPLIST_KEY_LSMinimumSystemVersion = 13.0;
		INFOPLIST_KEY_NSHumanReadableCopyright = "";
		MACOSX_DEPLOYMENT_TARGET = 13.0;
		MARKETING_VERSION = 1.0;
		PRODUCT_BUNDLE_IDENTIFIER = app.kraftly.kuninstall;
		PRODUCT_NAME = "$(TARGET_NAME)";
		SDKROOT = macosx;
		SWIFT_EMIT_LOC_STRINGS = YES;
		SWIFT_VERSION = 5.0;
		};
		name = Release;
	};
	7E1FBBBBDF2C6831C341A92D /* Debug */ = {
		isa = XCBuildConfiguration;
		buildSettings = {
		ALWAYS_SEARCH_USER_PATHS = NO;
		ASSETCATALOG_COMPILER_GENERATE_SWIFT_ASSET_SYMBOL_EXTENSIONS = YES;
		CLANG_ANALYZER_NONNULL = YES;
		CLANG_CXX_LANGUAGE_STANDARD = "gnu++20";
		CLANG_ENABLE_MODULES = YES;
		CLANG_ENABLE_OBJC_ARC = YES;
		COPY_PHASE_STRIP = NO;
		DEBUG_INFORMATION_FORMAT = dwarf;
		ENABLE_STRICT_OBJC_MSGSEND = YES;
		ENABLE_TESTABILITY = YES;
		GCC_DYNAMIC_NO_PIC = NO;
		GCC_OPTIMIZATION_LEVEL = 0;
		GCC_PREPROCESSOR_DEFINITIONS = (
			"DEBUG=1",
			"$(inherited)",
		);
		MACOSX_DEPLOYMENT_TARGET = 13.0;
		MTL_ENABLE_DEBUG_INFO = INCLUDE_SOURCE;
		ONLY_ACTIVE_ARCH = YES;
		SDKROOT = macosx;
		SWIFT_ACTIVE_COMPILATION_CONDITIONS = "DEBUG";
		SWIFT_OPTIMIZATION_LEVEL = "-Onone";
		SWIFT_STRICT_CONCURRENCY = complete;
		SWIFT_VERSION = 5.0;
		};
		name = Debug;
	};
	8E49F43A56D207D9CACB92D7 /* Debug */ = {
		isa = XCBuildConfiguration;
		buildSettings = {
		BUNDLE_LOADER = "$(TEST_HOST)";
		CODE_SIGN_STYLE = Automatic;
		CURRENT_PROJECT_VERSION = 1;
		DEVELOPMENT_TEAM = "";
		GENERATE_INFOPLIST_FILE = YES;
		MACOSX_DEPLOYMENT_TARGET = 13.0;
		MARKETING_VERSION = 1.0;
		PRODUCT_BUNDLE_IDENTIFIER = app.kraftly.kuninstall.tests;
		PRODUCT_NAME = "$(TARGET_NAME)";
		SDKROOT = macosx;
		SWIFT_VERSION = 5.0;
		TEST_HOST = "$(BUILT_PRODUCTS_DIR)/kUninstall.app/Contents/MacOS/kUninstall";
		};
		name = Debug;
	};
/* End XCBuildConfiguration section */

/* Begin XCConfigurationList section */
	3FD6CBC4FF291B9367FDC53D /* 3FD6CBC4FF291B9367FDC53D */ = {
		isa = XCConfigurationList;
		buildConfigurations = (
			8E49F43A56D207D9CACB92D7 /* Debug */,
			327A485C172AB8BDAA4E2848 /* Release */,
		);
		defaultConfigurationIsVisible = 0;
		defaultConfigurationName = Release;
	};
	6080F8A7C5D6A84AD151124F /* 6080F8A7C5D6A84AD151124F */ = {
		isa = XCConfigurationList;
		buildConfigurations = (
			3A75C3F04A5A46A06A715410 /* Debug */,
			40AC8DB68C57EFEB661DB3D0 /* Release */,
		);
		defaultConfigurationIsVisible = 0;
		defaultConfigurationName = Release;
	};
	CF35BBADA1B6673793B45974 /* CF35BBADA1B6673793B45974 */ = {
		isa = XCConfigurationList;
		buildConfigurations = (
			7E1FBBBBDF2C6831C341A92D /* Debug */,
			3F8D7C61364D6E91CEA539C5 /* Release */,
		);
		defaultConfigurationIsVisible = 0;
		defaultConfigurationName = Release;
	};
/* End XCConfigurationList section */

/* Begin XCLocalSwiftPackageReference section */
	9B11DE76A6AB3B8F9151A660 /* 9B11DE76A6AB3B8F9151A660 */ = {
		isa = XCLocalSwiftPackageReference;
		relativePath = /Users/mengjianjun/Documents/ai/aicoding/macapp/kFoundation;
	};
/* End XCLocalSwiftPackageReference section */

/* Begin XCSwiftPackageProductDependency section */
	318F614673711C07F3DB300D /* 318F614673711C07F3DB300D */ = {
		isa = XCSwiftPackageProductDependency;
		package = 9B11DE76A6AB3B8F9151A660;
		productName = FileScanner;
	};
	5C6B11CEE1107D6AC8C4701B /* 5C6B11CEE1107D6AC8C4701B */ = {
		isa = XCSwiftPackageProductDependency;
		package = 9B11DE76A6AB3B8F9151A660;
		productName = Capabilities;
	};
	8FC8EFB927E635ABBEBD95C0 /* 8FC8EFB927E635ABBEBD95C0 */ = {
		isa = XCSwiftPackageProductDependency;
		package = 9B11DE76A6AB3B8F9151A660;
		productName = DesignSystem;
	};
	AA27570A2ED9B8ABCC965A59 /* AA27570A2ED9B8ABCC965A59 */ = {
		isa = XCSwiftPackageProductDependency;
		package = 9B11DE76A6AB3B8F9151A660;
		productName = CommonUtils;
	};
/* End XCSwiftPackageProductDependency section */
	};
	rootObject = 59601E391B529B07AE11313D /* Project object */;
}